
Microsoft Visual Studio Solution File, Format Version 12.00
# Visual Studio Version 17
VisualStudioVersion = 17.1.32328.378
MinimumVisualStudioVersion = 10.0.40219.1
Project("{FAE04EC0-301F-11D3-BF4B-00C04F79EFBC}") = "bookstore c-sharp", "bookstore cSHARP\bookstore c-sharp.csproj", "{DD02D662-5CC9-4C4D-AD5B-A52AFF0D7E68}"
EndProject
Global
	GlobalSection(SolutionConfigurationPlatforms) = preSolution
		Debug|Any CPU = Debug|Any CPU
		Release|Any CPU = Release|Any CPU
	EndGlobalSection
	GlobalSection(ProjectConfigurationPlatforms) = postSolution
		{DD02D662-5CC9-4C4D-AD5B-A52AFF0D7E68}.Debug|Any CPU.ActiveCfg = Debug|Any CPU
		{DD02D662-5CC9-4C4D-AD5B-A52AFF0D7E68}.Debug|Any CPU.Build.0 = Debug|Any CPU
		{DD02D662-5CC9-4C4D-AD5B-A52AFF0D7E68}.Release|Any CPU.ActiveCfg = Release|Any CPU
		{DD02D662-5CC9-4C4D-AD5B-A52AFF0D7E68}.Release|Any CPU.Build.0 = Release|Any CPU
	EndGlobalSection
	GlobalSection(SolutionProperties) = preSolution
		HideSolutionNode = FALSE
	EndGlobalSection
	GlobalSection(ExtensibilityGlobals) = postSolution
		SolutionGuid = {DB7DAE11-E747-4D8E-A09A-D699FFBD3D28}
	EndGlobalSection
EndGlobal
